
Microsoft Visual Studio Solution File, Format Version 12.00
# Visual Studio Version 17
VisualStudioVersion = 17.12.35527.113 d17.12
MinimumVisualStudioVersion = 10.0.40219.1
Project("{FAE04EC0-301F-11D3-BF4B-00C04F79EFBC}") = "OrderAPi_Domain", "OrderAPi_Domain\OrderAPi_Domain.csproj", "{FDCC3527-7788-4886-9B79-01A5C61DB213}"
EndProject
Project("{FAE04EC0-301F-11D3-BF4B-00C04F79EFBC}") = "OrderAPi_Application", "OrderAPi_Application\OrderAPi_Application.csproj", "{B0C7EB56-645D-4969-8E6C-97BFCA488063}"
EndProject
Project("{FAE04EC0-301F-11D3-BF4B-00C04F79EFBC}") = "OrderAPi_Infrastructure", "OrderAPi_Infrastructure\OrderAPi_Infrastructure.csproj", "{5FB17CA2-6C3D-4DCE-8C8D-200E6CDA28B1}"
EndProject
Project("{FAE04EC0-301F-11D3-BF4B-00C04F79EFBC}") = "OrderAPi_Presentation", "OrderAPi_Presentation\OrderAPi_Presentation.csproj", "{4B4EDC08-1246-46D1-BA51-CA99CB65D05A}"
EndProject
Project("{FAE04EC0-301F-11D3-BF4B-00C04F79EFBC}") = "E-Commerce.SharedLibrary", "..\E-Commerce.SharedLibrary\E-Commerce.SharedLibrary\E-Commerce.SharedLibrary.csproj", "{FB44D3DD-9FDB-4751-BBA0-C8457EFBCB84}"
EndProject
Global
	GlobalSection(SolutionConfigurationPlatforms) = preSolution
		Debug|Any CPU = Debug|Any CPU
		Release|Any CPU = Release|Any CPU
	EndGlobalSection
	GlobalSection(ProjectConfigurationPlatforms) = postSolution
		{FDCC3527-7788-4886-9B79-01A5C61DB213}.Debug|Any CPU.ActiveCfg = Debug|Any CPU
		{FDCC3527-7788-4886-9B79-01A5C61DB213}.Debug|Any CPU.Build.0 = Debug|Any CPU
		{FDCC3527-7788-4886-9B79-01A5C61DB213}.Release|Any CPU.ActiveCfg = Release|Any CPU
		{FDCC3527-7788-4886-9B79-01A5C61DB213}.Release|Any CPU.Build.0 = Release|Any CPU
		{B0C7EB56-645D-4969-8E6C-97BFCA488063}.Debug|Any CPU.ActiveCfg = Debug|Any CPU
		{B0C7EB56-645D-4969-8E6C-97BFCA488063}.Debug|Any CPU.Build.0 = Debug|Any CPU
		{B0C7EB56-645D-4969-8E6C-97BFCA488063}.Release|Any CPU.ActiveCfg = Release|Any CPU
		{B0C7EB56-645D-4969-8E6C-97BFCA488063}.Release|Any CPU.Build.0 = Release|Any CPU
		{5FB17CA2-6C3D-4DCE-8C8D-200E6CDA28B1}.Debug|Any CPU.ActiveCfg = Debug|Any CPU
		{5FB17CA2-6C3D-4DCE-8C8D-200E6CDA28B1}.Debug|Any CPU.Build.0 = Debug|Any CPU
		{5FB17CA2-6C3D-4DCE-8C8D-200E6CDA28B1}.Release|Any CPU.ActiveCfg = Release|Any CPU
		{5FB17CA2-6C3D-4DCE-8C8D-200E6CDA28B1}.Release|Any CPU.Build.0 = Release|Any CPU
		{4B4EDC08-1246-46D1-BA51-CA99CB65D05A}.Debug|Any CPU.ActiveCfg = Debug|Any CPU
		{4B4EDC08-1246-46D1-BA51-CA99CB65D05A}.Debug|Any CPU.Build.0 = Debug|Any CPU
		{4B4EDC08-1246-46D1-BA51-CA99CB65D05A}.Release|Any CPU.ActiveCfg = Release|Any CPU
		{4B4EDC08-1246-46D1-BA51-CA99CB65D05A}.Release|Any CPU.Build.0 = Release|Any CPU
		{FB44D3DD-9FDB-4751-BBA0-C8457EFBCB84}.Debug|Any CPU.ActiveCfg = Debug|Any CPU
		{FB44D3DD-9FDB-4751-BBA0-C8457EFBCB84}.Debug|Any CPU.Build.0 = Debug|Any CPU
		{FB44D3DD-9FDB-4751-BBA0-C8457EFBCB84}.Release|Any CPU.ActiveCfg = Release|Any CPU
		{FB44D3DD-9FDB-4751-BBA0-C8457EFBCB84}.Release|Any CPU.Build.0 = Release|Any CPU
	EndGlobalSection
	GlobalSection(SolutionProperties) = preSolution
		HideSolutionNode = FALSE
	EndGlobalSection
EndGlobal
